
Microsoft Visual Studio Solution File, Format Version 12.00
# Visual Studio Version 17
VisualStudioVersion = 17.14.36717.8
MinimumVisualStudioVersion = 10.0.40219.1
Project("{FAE04EC0-301F-11D3-BF4B-00C04F79EFBC}") = "RecipeGenerator", "RecipeGenerator.csproj", "{3F9076D6-13FE-4545-9180-B5A46F64036A}"
EndProject
Project("{FAE04EC0-301F-11D3-BF4B-00C04F79EFBC}") = "RecipeGenerator.test", "RecipeGenerator.test\RecipeGenerator.test.csproj", "{77AA0BC1-5DBE-CDB5-357D-4C533F4C4D0E}"
EndProject
Global
	GlobalSection(SolutionConfigurationPlatforms) = preSolution
		Debug|Any CPU = Debug|Any CPU
		Release|Any CPU = Release|Any CPU
	EndGlobalSection
	GlobalSection(ProjectConfigurationPlatforms) = postSolution
		{3F9076D6-13FE-4545-9180-B5A46F64036A}.Debug|Any CPU.ActiveCfg = Debug|Any CPU
		{3F9076D6-13FE-4545-9180-B5A46F64036A}.Debug|Any CPU.Build.0 = Debug|Any CPU
		{3F9076D6-13FE-4545-9180-B5A46F64036A}.Release|Any CPU.ActiveCfg = Release|Any CPU
		{3F9076D6-13FE-4545-9180-B5A46F64036A}.Release|Any CPU.Build.0 = Release|Any CPU
		{77AA0BC1-5DBE-CDB5-357D-4C533F4C4D0E}.Debug|Any CPU.ActiveCfg = Debug|Any CPU
		{77AA0BC1-5DBE-CDB5-357D-4C533F4C4D0E}.Debug|Any CPU.Build.0 = Debug|Any CPU
		{77AA0BC1-5DBE-CDB5-357D-4C533F4C4D0E}.Release|Any CPU.ActiveCfg = Release|Any CPU
		{77AA0BC1-5DBE-CDB5-357D-4C533F4C4D0E}.Release|Any CPU.Build.0 = Release|Any CPU
	EndGlobalSection
	GlobalSection(SolutionProperties) = preSolution
		HideSolutionNode = FALSE
	EndGlobalSection
	GlobalSection(ExtensibilityGlobals) = postSolution
		SolutionGuid = {389F9D9C-78A4-4607-A0F1-60A4867512CB}
	EndGlobalSection
EndGlobal
